
Microsoft Visual Studio Solution File, Format Version 12.00
# Visual Studio 14
VisualStudioVersion = 14.0.25420.1
MinimumVisualStudioVersion = 10.0.40219.1
Project("{FAE04EC0-301F-11D3-BF4B-00C04F79EFBC}") = "OrderManagement_Api", "OrderManagement_Api\OrderManagement_Api.csproj", "{D1309E36-98FB-4547-9D31-D9F933045666}"
EndProject
Project("{FAE04EC0-301F-11D3-BF4B-00C04F79EFBC}") = "OrderManagement_Api.Tests", "OrderManagement_Api.Tests\OrderManagement_Api.Tests.csproj", "{4258D77A-8A8A-473D-9408-8879284DC08C}"
EndProject
Global
	GlobalSection(SolutionConfigurationPlatforms) = preSolution
		Debug|Any CPU = Debug|Any CPU
		Release|Any CPU = Release|Any CPU
	EndGlobalSection
	GlobalSection(ProjectConfigurationPlatforms) = postSolution
		{D1309E36-98FB-4547-9D31-D9F933045666}.Debug|Any CPU.ActiveCfg = Debug|Any CPU
		{D1309E36-98FB-4547-9D31-D9F933045666}.Debug|Any CPU.Build.0 = Debug|Any CPU
		{D1309E36-98FB-4547-9D31-D9F933045666}.Release|Any CPU.ActiveCfg = Release|Any CPU
		{D1309E36-98FB-4547-9D31-D9F933045666}.Release|Any CPU.Build.0 = Release|Any CPU
		{4258D77A-8A8A-473D-9408-8879284DC08C}.Debug|Any CPU.ActiveCfg = Debug|Any CPU
		{4258D77A-8A8A-473D-9408-8879284DC08C}.Debug|Any CPU.Build.0 = Debug|Any CPU
		{4258D77A-8A8A-473D-9408-8879284DC08C}.Release|Any CPU.ActiveCfg = Release|Any CPU
		{4258D77A-8A8A-473D-9408-8879284DC08C}.Release|Any CPU.Build.0 = Release|Any CPU
	EndGlobalSection
	GlobalSection(SolutionProperties) = preSolution
		HideSolutionNode = FALSE
	EndGlobalSection
EndGlobal
